
Microsoft Visual Studio Solution File, Format Version 12.00
# Visual Studio Version 17
VisualStudioVersion = 17.3.32825.248
MinimumVisualStudioVersion = 10.0.40219.1
Project("{FAE04EC0-301F-11D3-BF4B-00C04F79EFBC}") = "WebApi", "WebApi\WebApi.csproj", "{B7E870D3-F0B3-44AF-A37A-212E4227408D}"
EndProject
Project("{FAE04EC0-301F-11D3-BF4B-00C04F79EFBC}") = "Models", "Models\Models.csproj", "{5F867E21-EED1-4A46-A554-C517A0C572C8}"
EndProject
Project("{FAE04EC0-301F-11D3-BF4B-00C04F79EFBC}") = "Services.Interfaces", "Services.Interfaces\Services.Interfaces.csproj", "{C1B4B969-9536-43F6-AB64-E12B684551E2}"
EndProject
Project("{FAE04EC0-301F-11D3-BF4B-00C04F79EFBC}") = "Services", "Services\Services.csproj", "{D043DB0A-CB6A-4B9C-B4E7-A199FF91C368}"
EndProject
Project("{FAE04EC0-301F-11D3-BF4B-00C04F79EFBC}") = "ConsoleApp", "ConsoleApp\ConsoleApp.csproj", "{0D890D58-3E37-45F3-AFBE-7380F491F040}"
EndProject
Project("{FAE04EC0-301F-11D3-BF4B-00C04F79EFBC}") = "OWIN", "OWIN\OWIN.csproj", "{6E37C9B2-12C5-4DD5-807D-5F3FB463F24E}"
EndProject
Project("{FAE04EC0-301F-11D3-BF4B-00C04F79EFBC}") = "GrpcService", "GrpcService\GrpcService.csproj", "{636D027D-D12D-44B1-829C-636BADAC0222}"
EndProject
Global
	GlobalSection(SolutionConfigurationPlatforms) = preSolution
		Debug|Any CPU = Debug|Any CPU
		Release|Any CPU = Release|Any CPU
	EndGlobalSection
	GlobalSection(ProjectConfigurationPlatforms) = postSolution
		{B7E870D3-F0B3-44AF-A37A-212E4227408D}.Debug|Any CPU.ActiveCfg = Debug|Any CPU
		{B7E870D3-F0B3-44AF-A37A-212E4227408D}.Debug|Any CPU.Build.0 = Debug|Any CPU
		{B7E870D3-F0B3-44AF-A37A-212E4227408D}.Release|Any CPU.ActiveCfg = Release|Any CPU
		{B7E870D3-F0B3-44AF-A37A-212E4227408D}.Release|Any CPU.Build.0 = Release|Any CPU
		{5F867E21-EED1-4A46-A554-C517A0C572C8}.Debug|Any CPU.ActiveCfg = Debug|Any CPU
		{5F867E21-EED1-4A46-A554-C517A0C572C8}.Debug|Any CPU.Build.0 = Debug|Any CPU
		{5F867E21-EED1-4A46-A554-C517A0C572C8}.Release|Any CPU.ActiveCfg = Release|Any CPU
		{5F867E21-EED1-4A46-A554-C517A0C572C8}.Release|Any CPU.Build.0 = Release|Any CPU
		{C1B4B969-9536-43F6-AB64-E12B684551E2}.Debug|Any CPU.ActiveCfg = Debug|Any CPU
		{C1B4B969-9536-43F6-AB64-E12B684551E2}.Debug|Any CPU.Build.0 = Debug|Any CPU
		{C1B4B969-9536-43F6-AB64-E12B684551E2}.Release|Any CPU.ActiveCfg = Release|Any CPU
		{C1B4B969-9536-43F6-AB64-E12B684551E2}.Release|Any CPU.Build.0 = Release|Any CPU
		{D043DB0A-CB6A-4B9C-B4E7-A199FF91C368}.Debug|Any CPU.ActiveCfg = Debug|Any CPU
		{D043DB0A-CB6A-4B9C-B4E7-A199FF91C368}.Debug|Any CPU.Build.0 = Debug|Any CPU
		{D043DB0A-CB6A-4B9C-B4E7-A199FF91C368}.Release|Any CPU.ActiveCfg = Release|Any CPU
		{D043DB0A-CB6A-4B9C-B4E7-A199FF91C368}.Release|Any CPU.Build.0 = Release|Any CPU
		{0D890D58-3E37-45F3-AFBE-7380F491F040}.Debug|Any CPU.ActiveCfg = Debug|Any CPU
		{0D890D58-3E37-45F3-AFBE-7380F491F040}.Debug|Any CPU.Build.0 = Debug|Any CPU
		{0D890D58-3E37-45F3-AFBE-7380F491F040}.Release|Any CPU.ActiveCfg = Release|Any CPU
		{0D890D58-3E37-45F3-AFBE-7380F491F040}.Release|Any CPU.Build.0 = Release|Any CPU
		{6E37C9B2-12C5-4DD5-807D-5F3FB463F24E}.Debug|Any CPU.ActiveCfg = Debug|Any CPU
		{6E37C9B2-12C5-4DD5-807D-5F3FB463F24E}.Debug|Any CPU.Build.0 = Debug|Any CPU
		{6E37C9B2-12C5-4DD5-807D-5F3FB463F24E}.Release|Any CPU.ActiveCfg = Release|Any CPU
		{6E37C9B2-12C5-4DD5-807D-5F3FB463F24E}.Release|Any CPU.Build.0 = Release|Any CPU
		{636D027D-D12D-44B1-829C-636BADAC0222}.Debug|Any CPU.ActiveCfg = Debug|Any CPU
		{636D027D-D12D-44B1-829C-636BADAC0222}.Debug|Any CPU.Build.0 = Debug|Any CPU
		{636D027D-D12D-44B1-829C-636BADAC0222}.Release|Any CPU.ActiveCfg = Release|Any CPU
		{636D027D-D12D-44B1-829C-636BADAC0222}.Release|Any CPU.Build.0 = Release|Any CPU
	EndGlobalSection
	GlobalSection(SolutionProperties) = preSolution
		HideSolutionNode = FALSE
	EndGlobalSection
	GlobalSection(ExtensibilityGlobals) = postSolution
		SolutionGuid = {B27C55C2-3DCF-4991-BED0-B22C727D0FEB}
	EndGlobalSection
EndGlobal
